
Microsoft Visual Studio Solution File, Format Version 12.00
# Visual Studio Version 16
VisualStudioVersion = 16.0.29509.3
MinimumVisualStudioVersion = 10.0.40219.1
Project("{FAE04EC0-301F-11D3-BF4B-00C04F79EFBC}") = "OpenXMLEditor", "OpenXMLEditor.csproj", "{232D3565-0EAE-480E-B2DE-CE58A7F660E3}"
EndProject
Project("{2150E333-8FDC-42A3-9474-1A3956D46DE8}") = "Solution Items", "Solution Items", "{A1722FDA-4AA9-4CAB-BAF4-575191E083E3}"
	ProjectSection(SolutionItems) = preProject
		README.md = README.md
	EndProjectSection
EndProject
Global
	GlobalSection(SolutionConfigurationPlatforms) = preSolution
		Debug|Any CPU = Debug|Any CPU
		Release|Any CPU = Release|Any CPU
	EndGlobalSection
	GlobalSection(ProjectConfigurationPlatforms) = postSolution
		{232D3565-0EAE-480E-B2DE-CE58A7F660E3}.Debug|Any CPU.ActiveCfg = Debug|Any CPU
		{232D3565-0EAE-480E-B2DE-CE58A7F660E3}.Debug|Any CPU.Build.0 = Debug|Any CPU
		{232D3565-0EAE-480E-B2DE-CE58A7F660E3}.Release|Any CPU.ActiveCfg = Release|Any CPU
		{232D3565-0EAE-480E-B2DE-CE58A7F660E3}.Release|Any CPU.Build.0 = Release|Any CPU
	EndGlobalSection
	GlobalSection(SolutionProperties) = preSolution
		HideSolutionNode = FALSE
	EndGlobalSection
	GlobalSection(ExtensibilityGlobals) = postSolution
		SolutionGuid = {C8E28DE8-03D5-4507-88BF-17B30F5EE850}
	EndGlobalSection
EndGlobal
